// !$*UTF8*$!
{
	archiveVersion = 1;
	classes = {
	};
	objectVersion = 48;
	objects = {

/* Begin PBXBuildFile section */
		0C7651141F8610590024E56B /* AppDelegate.swift in Sources */ = {isa = PBXBuildFile; fileRef = 0C7651131F8610590024E56B /* AppDelegate.swift */; };
		0C7651161F8610590024E56B /* ViewController.swift in Sources */ = {isa = PBXBuildFile; fileRef = 0C7651151F8610590024E56B /* ViewController.swift */; };
		0C7651191F8610590024E56B /* Main.storyboard in Resources */ = {isa = PBXBuildFile; fileRef = 0C7651171F8610590024E56B /* Main.storyboard */; };
		0C76511B1F8610590024E56B /* Assets.xcassets in Resources */ = {isa = PBXBuildFile; fileRef = 0C76511A1F8610590024E56B /* Assets.xcassets */; };
		0C76511E1F8610590024E56B /* LaunchScreen.storyboard in Resources */ = {isa = PBXBuildFile; fileRef = 0C76511C1F8610590024E56B /* LaunchScreen.storyboard */; };
		0C7651291F86105A0024E56B /* SwiftyUIDemoTests.swift in Sources */ = {isa = PBXBuildFile; fileRef = 0C7651281F86105A0024E56B /* SwiftyUIDemoTests.swift */; };
		0C7651341F86105A0024E56B /* SwiftyUIDemoUITests.swift in Sources */ = {isa = PBXBuildFile; fileRef = 0C7651331F86105A0024E56B /* SwiftyUIDemoUITests.swift */; };
/* End PBXBuildFile section */

/* Begin PBXContainerItemProxy section */
		0C7651251F86105A0024E56B /* PBXContainerItemProxy */ = {
			isa = PBXContainerItemProxy;
			containerPortal = 0C7651081F8610590024E56B /* Project object */;
			proxyType = 1;
			remoteGlobalIDString = 0C76510F1F8610590024E56B;
			remoteInfo = SwiftyUIDemo;
		};
		0C7651301F86105A0024E56B /* PBXContainerItemProxy */ = {
			isa = PBXContainerItemProxy;
			containerPortal = 0C7651081F8610590024E56B /* Project object */;
			proxyType = 1;
			remoteGlobalIDString = 0C76510F1F8610590024E56B;
			remoteInfo = SwiftyUIDemo;
		};
		0C76515A1F8610810024E56B /* PBXContainerItemProxy */ = {
			isa = PBXContainerItemProxy;
			containerPortal = 0C7651561F8610800024E56B /* SwiftyUI.xcodeproj */;
			proxyType = 2;
			remoteGlobalIDString = 0C76514B1F8610800024E56B;
			remoteInfo = SwiftyUI;
		};
/* End PBXContainerItemProxy section */

/* Begin PBXFileReference section */
		0C7651101F8610590024E56B /* SwiftyUIDemo.app */ = {isa = PBXFileReference; explicitFileType = wrapper.application; includeInIndex = 0; path = SwiftyUIDemo.app; sourceTree = BUILT_PRODUCTS_DIR; };
		0C7651131F8610590024E56B /* AppDelegate.swift */ = {isa = PBXFileReference; lastKnownFileType = sourcecode.swift; path = AppDelegate.swift; sourceTree = "<group>"; };
		0C7651151F8610590024E56B /* ViewController.swift */ = {isa = PBXFileReference; lastKnownFileType = sourcecode.swift; path = ViewController.swift; sourceTree = "<group>"; };
		0C7651181F8610590024E56B /* Base */ = {isa = PBXFileReference; lastKnownFileType = file.storyboard; name = Base; path = Base.lproj/Main.storyboard; sourceTree = "<group>"; };
		0C76511A1F8610590024E56B /* Assets.xcassets */ = {isa = PBXFileReference; lastKnownFileType = folder.assetcatalog; path = Assets.xcassets; sourceTree = "<group>"; };
		0C76511D1F8610590024E56B /* Base */ = {isa = PBXFileReference; lastKnownFileType = file.storyboard; name = Base; path = Base.lproj/LaunchScreen.storyboard; sourceTree = "<group>"; };
		0C76511F1F8610590024E56B /* Info.plist */ = {isa = PBXFileReference; lastKnownFileType = text.plist.xml; path = Info.plist; sourceTree = "<group>"; };
		0C7651241F86105A0024E56B /* SwiftyUIDemoTests.xctest */ = {isa = PBXFileReference; explicitFileType = wrapper.cfbundle; includeInIndex = 0; path = SwiftyUIDemoTests.xctest; sourceTree = BUILT_PRODUCTS_DIR; };
		0C7651281F86105A0024E56B /* SwiftyUIDemoTests.swift */ = {isa = PBXFileReference; lastKnownFileType = sourcecode.swift; path = SwiftyUIDemoTests.swift; sourceTree = "<group>"; };
		0C76512A1F86105A0024E56B /* Info.plist */ = {isa = PBXFileReference; lastKnownFileType = text.plist.xml; path = Info.plist; sourceTree = "<group>"; };
		0C76512F1F86105A0024E56B /* SwiftyUIDemoUITests.xctest */ = {isa = PBXFileReference; explicitFileType = wrapper.cfbundle; includeInIndex = 0; path = SwiftyUIDemoUITests.xctest; sourceTree = BUILT_PRODUCTS_DIR; };
		0C7651331F86105A0024E56B /* SwiftyUIDemoUITests.swift */ = {isa = PBXFileReference; lastKnownFileType = sourcecode.swift; path = SwiftyUIDemoUITests.swift; sourceTree = "<group>"; };
		0C7651351F86105A0024E56B /* Info.plist */ = {isa = PBXFileReference; lastKnownFileType = text.plist.xml; path = Info.plist; sourceTree = "<group>"; };
		0C7651561F8610800024E56B /* SwiftyUI.xcodeproj */ = {isa = PBXFileReference; lastKnownFileType = "wrapper.pb-project"; name = SwiftyUI.xcodeproj; path = SwiftyUI/SwiftyUI.xcodeproj; sourceTree = "<group>"; };
/* End PBXFileReference section */

/* Begin PBXFrameworksBuildPhase section */
		0C76510D1F8610590024E56B /* Frameworks */ = {
			isa = PBXFrameworksBuildPhase;
			buildActionMask = 2147483647;
			files = (
			);
			runOnlyForDeploymentPostprocessing = 0;
		};
		0C7651211F86105A0024E56B /* Frameworks */ = {
			isa = PBXFrameworksBuildPhase;
			buildActionMask = 2147483647;
			files = (
			);
			runOnlyForDeploymentPostprocessing = 0;
		};
		0C76512C1F86105A0024E56B /* Frameworks */ = {
			isa = PBXFrameworksBuildPhase;
			buildActionMask = 2147483647;
			files = (
			);
			runOnlyForDeploymentPostprocessing = 0;
		};
/* End PBXFrameworksBuildPhase section */

/* Begin PBXGroup section */
		0C7651071F8610590024E56B = {
			isa = PBXGroup;
			children = (
				0C7651561F8610800024E56B /* SwiftyUI.xcodeproj */,
				0C7651121F8610590024E56B /* SwiftyUIDemo */,
				0C7651271F86105A0024E56B /* SwiftyUIDemoTests */,
				0C7651321F86105A0024E56B /* SwiftyUIDemoUITests */,
				0C7651111F8610590024E56B /* Products */,
			);
			sourceTree = "<group>";
		};
		0C7651111F8610590024E56B /* Products */ = {
			isa = PBXGroup;
			children = (
				0C7651101F8610590024E56B /* SwiftyUIDemo.app */,
				0C7651241F86105A0024E56B /* SwiftyUIDemoTests.xctest */,
				0C76512F1F86105A0024E56B /* SwiftyUIDemoUITests.xctest */,
			);
			name = Products;
			sourceTree = "<group>";
		};
		0C7651121F8610590024E56B /* SwiftyUIDemo */ = {
			isa = PBXGroup;
			children = (
				0C7651131F8610590024E56B /* AppDelegate.swift */,
				0C7651151F8610590024E56B /* ViewController.swift */,
				0C7651171F8610590024E56B /* Main.storyboard */,
				0C76511A1F8610590024E56B /* Assets.xcassets */,
				0C76511C1F8610590024E56B /* LaunchScreen.storyboard */,
				0C76511F1F8610590024E56B /* Info.plist */,
			);
			path = SwiftyUIDemo;
			sourceTree = "<group>";
		};
		0C7651271F86105A0024E56B /* SwiftyUIDemoTests */ = {
			isa = PBXGroup;
			children = (
				0C7651281F86105A0024E56B /* SwiftyUIDemoTests.swift */,
				0C76512A1F86105A0024E56B /* Info.plist */,
			);
			path = SwiftyUIDemoTests;
			sourceTree = "<group>";
		};
		0C7651321F86105A0024E56B /* SwiftyUIDemoUITests */ = {
			isa = PBXGroup;
			children = (
				0C7651331F86105A0024E56B /* SwiftyUIDemoUITests.swift */,
				0C7651351F86105A0024E56B /* Info.plist */,
			);
			path = SwiftyUIDemoUITests;
			sourceTree = "<group>";
		};
		0C7651571F8610800024E56B /* Products */ = {
			isa = PBXGroup;
			children = (
				0C76515B1F8610810024E56B /* SwiftyUI.framework */,
			);
			name = Products;
			sourceTree = "<group>";
		};
/* End PBXGroup section */

/* Begin PBXNativeTarget section */
		0C76510F1F8610590024E56B /* SwiftyUIDemo */ = {
			isa = PBXNativeTarget;
			buildConfigurationList = 0C7651381F86105A0024E56B /* Build configuration list for PBXNativeTarget "SwiftyUIDemo" */;
			buildPhases = (
				0C76510C1F8610590024E56B /* Sources */,
				0C76510D1F8610590024E56B /* Frameworks */,
				0C76510E1F8610590024E56B /* Resources */,
			);
			buildRules = (
			);
			dependencies = (
			);
			name = SwiftyUIDemo;
			productName = SwiftyUIDemo;
			productReference = 0C7651101F8610590024E56B /* SwiftyUIDemo.app */;
			productType = "com.apple.product-type.application";
		};
		0C7651231F86105A0024E56B /* SwiftyUIDemoTests */ = {
			isa = PBXNativeTarget;
			buildConfigurationList = 0C76513B1F86105A0024E56B /* Build configuration list for PBXNativeTarget "SwiftyUIDemoTests" */;
			buildPhases = (
				0C7651201F86105A0024E56B /* Sources */,
				0C7651211F86105A0024E56B /* Frameworks */,
				0C7651221F86105A0024E56B /* Resources */,
			);
			buildRules = (
			);
			dependencies = (
				0C7651261F86105A0024E56B /* PBXTargetDependency */,
			);
			name = SwiftyUIDemoTests;
			productName = SwiftyUIDemoTests;
			productReference = 0C7651241F86105A0024E56B /* SwiftyUIDemoTests.xctest */;
			productType = "com.apple.product-type.bundle.unit-test";
		};
		0C76512E1F86105A0024E56B /* SwiftyUIDemoUITests */ = {
			isa = PBXNativeTarget;
			buildConfigurationList = 0C76513E1F86105A0024E56B /* Build configuration list for PBXNativeTarget "SwiftyUIDemoUITests" */;
			buildPhases = (
				0C76512B1F86105A0024E56B /* Sources */,
				0C76512C1F86105A0024E56B /* Frameworks */,
				0C76512D1F86105A0024E56B /* Resources */,
			);
			buildRules = (
			);
			dependencies = (
				0C7651311F86105A0024E56B /* PBXTargetDependency */,
			);
			name = SwiftyUIDemoUITests;
			productName = SwiftyUIDemoUITests;
			productReference = 0C76512F1F86105A0024E56B /* SwiftyUIDemoUITests.xctest */;
			productType = "com.apple.product-type.bundle.ui-testing";
		};
/* End PBXNativeTarget section */

/* Begin PBXProject section */
		0C7651081F8610590024E56B /* Project object */ = {
			isa = PBXProject;
			attributes = {
				LastSwiftUpdateCheck = 0900;
				LastUpgradeCheck = 0900;
				ORGANIZATIONNAME = "Haochen Wang";
				TargetAttributes = {
					0C76510F1F8610590024E56B = {
						CreatedOnToolsVersion = 9.0;
						ProvisioningStyle = Automatic;
					};
					0C7651231F86105A0024E56B = {
						CreatedOnToolsVersion = 9.0;
						ProvisioningStyle = Automatic;
						TestTargetID = 0C76510F1F8610590024E56B;
					};
					0C76512E1F86105A0024E56B = {
						CreatedOnToolsVersion = 9.0;
						ProvisioningStyle = Automatic;
						TestTargetID = 0C76510F1F8610590024E56B;
					};
				};
			};
			buildConfigurationList = 0C76510B1F8610590024E56B /* Build configuration list for PBXProject "SwiftyUIDemo" */;
			compatibilityVersion = "Xcode 8.0";
			developmentRegion = en;
			hasScannedForEncodings = 0;
			knownRegions = (
				en,
				Base,
			);
			mainGroup = 0C7651071F8610590024E56B;
			productRefGroup = 0C7651111F8610590024E56B /* Products */;
			projectDirPath = "";
			projectReferences = (
				{
					ProductGroup = 0C7651571F8610800024E56B /* Products */;
					ProjectRef = 0C7651561F8610800024E56B /* SwiftyUI.xcodeproj */;
				},
			);
			projectRoot = "";
			targets = (
				0C76510F1F8610590024E56B /* SwiftyUIDemo */,
				0C7651231F86105A0024E56B /* SwiftyUIDemoTests */,
				0C76512E1F86105A0024E56B /* SwiftyUIDemoUITests */,
			);
		};
/* End PBXProject section */

/* Begin PBXReferenceProxy section */
		0C76515B1F8610810024E56B /* SwiftyUI.framework */ = {
			isa = PBXReferenceProxy;
			fileType = wrapper.framework;
			path = SwiftyUI.framework;
			remoteRef = 0C76515A1F8610810024E56B /* PBXContainerItemProxy */;
			sourceTree = BUILT_PRODUCTS_DIR;
		};
/* End PBXReferenceProxy section */

/* Begin PBXResourcesBuildPhase section */
		0C76510E1F8610590024E56B /* Resources */ = {
			isa = PBXResourcesBuildPhase;
			buildActionMask = 2147483647;
			files = (
				0C76511E1F8610590024E56B /* LaunchScreen.storyboard in Resources */,
				0C76511B1F8610590024E56B /* Assets.xcassets in Resources */,
				0C7651191F8610590024E56B /* Main.storyboard in Resources */,
			);
			runOnlyForDeploymentPostprocessing = 0;
		};
		0C7651221F86105A0024E56B /* Resources */ = {
			isa = PBXResourcesBuildPhase;
			buildActionMask = 2147483647;
			files = (
			);
			runOnlyForDeploymentPostprocessing = 0;
		};
		0C76512D1F86105A0024E56B /* Resources */ = {
			isa = PBXResourcesBuildPhase;
			buildActionMask = 2147483647;
			files = (
			);
			runOnlyForDeploymentPostprocessing = 0;
		};
/* End PBXResourcesBuildPhase section */

/* Begin PBXSourcesBuildPhase section */
		0C76510C1F8610590024E56B /* Sources */ = {
			isa = PBXSourcesBuildPhase;
			buildActionMask = 2147483647;
			files = (
				0C7651161F8610590024E56B /* ViewController.swift in Sources */,
				0C7651141F8610590024E56B /* AppDelegate.swift in Sources */,
			);
			runOnlyForDeploymentPostprocessing = 0;
		};
		0C7651201F86105A0024E56B /* Sources */ = {
			isa = PBXSourcesBuildPhase;
			buildActionMask = 2147483647;
			files = (
				0C7651291F86105A0024E56B /* SwiftyUIDemoTests.swift in Sources */,
			);
			runOnlyForDeploymentPostprocessing = 0;
		};
		0C76512B1F86105A0024E56B /* Sources */ = {
			isa = PBXSourcesBuildPhase;
			buildActionMask = 2147483647;
			files = (
				0C7651341F86105A0024E56B /* SwiftyUIDemoUITests.swift in Sources */,
			);
			runOnlyForDeploymentPostprocessing = 0;
		};
/* End PBXSourcesBuildPhase section */

/* Begin PBXTargetDependency section */
		0C7651261F86105A0024E56B /* PBXTargetDependency */ = {
			isa = PBXTargetDependency;
			target = 0C76510F1F8610590024E56B /* SwiftyUIDemo */;
			targetProxy = 0C7651251F86105A0024E56B /* PBXContainerItemProxy */;
		};
		0C7651311F86105A0024E56B /* PBXTargetDependency */ = {
			isa = PBXTargetDependency;
			target = 0C76510F1F8610590024E56B /* SwiftyUIDemo */;
			targetProxy = 0C7651301F86105A0024E56B /* PBXContainerItemProxy */;
		};
/* End PBXTargetDependency section */

/* Begin PBXVariantGroup section */
		0C7651171F8610590024E56B /* Main.storyboard */ = {
			isa = PBXVariantGroup;
			children = (
				0C7651181F8610590024E56B /* Base */,
			);
			name = Main.storyboard;
			sourceTree = "<group>";
		};
		0C76511C1F8610590024E56B /* LaunchScreen.storyboard */ = {
			isa = PBXVariantGroup;
			children = (
				0C76511D1F8610590024E56B /* Base */,
			);
			name = LaunchScreen.storyboard;
			sourceTree = "<group>";
		};
/* End PBXVariantGroup section */

/* Begin XCBuildConfiguration section */
		0C7651361F86105A0024E56B /* Debug */ = {
			isa = XCBuildConfiguration;
			buildSettings = {
				ALWAYS_SEARCH_USER_PATHS = NO;
				CLANG_ANALYZER_NONNULL = YES;
				CLANG_ANALYZER_NUMBER_OBJECT_CONVERSION = YES_AGGRESSIVE;
				CLANG_CXX_LANGUAGE_STANDARD = "gnu++14";
				CLANG_CXX_LIBRARY = "libc++";
				CLANG_ENABLE_MODULES = YES;
				CLANG_ENABLE_OBJC_ARC = YES;
				CLANG_WARN_BLOCK_CAPTURE_AUTORELEASING = YES;
				CLANG_WARN_BOOL_CONVERSION = YES;
				CLANG_WARN_COMMA = YES;
				CLANG_WARN_CONSTANT_CONVERSION = YES;
				CLANG_WARN_DIRECT_OBJC_ISA_USAGE = YES_ERROR;
				CLANG_WARN_DOCUMENTATION_COMMENTS = YES;
				CLANG_WARN_EMPTY_BODY = YES;
				CLANG_WARN_ENUM_CONVERSION = YES;
				CLANG_WARN_INFINITE_RECURSION = YES;
				CLANG_WARN_INT_CONVERSION = YES;
				CLANG_WARN_NON_LITERAL_NULL_CONVERSION = YES;
				CLANG_WARN_OBJC_LITERAL_CONVERSION = YES;
				CLANG_WARN_OBJC_ROOT_CLASS = YES_ERROR;
				CLANG_WARN_RANGE_LOOP_ANALYSIS = YES;
				CLANG_WARN_STRICT_PROTOTYPES = YES;
				CLANG_WARN_SUSPICIOUS_MOVE = YES;
				CLANG_WARN_UNGUARDED_AVAILABILITY = YES_AGGRESSIVE;
				CLANG_WARN_UNREACHABLE_CODE = YES;
				CLANG_WARN__DUPLICATE_METHOD_MATCH = YES;
				CODE_SIGN_IDENTITY = "iPhone Developer";
				COPY_PHASE_STRIP = NO;
				DEBUG_INFORMATION_FORMAT = dwarf;
				ENABLE_STRICT_OBJC_MSGSEND = YES;
				ENABLE_TESTABILITY = YES;
				GCC_C_LANGUAGE_STANDARD = gnu11;
				GCC_DYNAMIC_NO_PIC = NO;
				GCC_NO_COMMON_BLOCKS = YES;
				GCC_OPTIMIZATION_LEVEL = 0;
				GCC_PREPROCESSOR_DEFINITIONS = (
					"DEBUG=1",
					"$(inherited)",
				);
				GCC_WARN_64_TO_32_BIT_CONVERSION = YES;
				GCC_WARN_ABOUT_RETURN_TYPE = YES_ERROR;
				GCC_WARN_UNDECLARED_SELECTOR = YES;
				GCC_WARN_UNINITIALIZED_AUTOS = YES_AGGRESSIVE;
				GCC_WARN_UNUSED_FUNCTION = YES;
				GCC_WARN_UNUSED_VARIABLE = YES;
				IPHONEOS_DEPLOYMENT_TARGET = 9.0;
				MTL_ENABLE_DEBUG_INFO = YES;
				ONLY_ACTIVE_ARCH = YES;
				SDKROOT = iphoneos;
				SWIFT_ACTIVE_COMPILATION_CONDITIONS = DEBUG;
				SWIFT_OPTIMIZATION_LEVEL = "-Onone";
			};
			name = Debug;
		};
		0C7651371F86105A0024E56B /* Release */ = {
			isa = XCBuildConfiguration;
			buildSettings = {
				ALWAYS_SEARCH_USER_PATHS = NO;
				CLANG_ANALYZER_NONNULL = YES;
				CLANG_ANALYZER_NUMBER_OBJECT_CONVERSION = YES_AGGRESSIVE;
				CLANG_CXX_LANGUAGE_STANDARD = "gnu++14";
				CLANG_CXX_LIBRARY = "libc++";
				CLANG_ENABLE_MODULES = YES;
				CLANG_ENABLE_OBJC_ARC = YES;
				CLANG_WARN_BLOCK_CAPTURE_AUTORELEASING = YES;
				CLANG_WARN_BOOL_CONVERSION = YES;
				CLANG_WARN_COMMA = YES;
				CLANG_WARN_CONSTANT_CONVERSION = YES;
				CLANG_WARN_DIRECT_OBJC_ISA_USAGE = YES_ERROR;
				CLANG_WARN_DOCUMENTATION_COMMENTS = YES;
				CLANG_WARN_EMPTY_BODY = YES;
				CLANG_WARN_ENUM_CONVERSION = YES;
				CLANG_WARN_INFINITE_RECURSION = YES;
				CLANG_WARN_INT_CONVERSION = YES;
				CLANG_WARN_NON_LITERAL_NULL_CONVERSION = YES;
				CLANG_WARN_OBJC_LITERAL_CONVERSION = YES;
				CLANG_WARN_OBJC_ROOT_CLASS = YES_ERROR;
				CLANG_WARN_RANGE_LOOP_ANALYSIS = YES;
				CLANG_WARN_STRICT_PROTOTYPES = YES;
				CLANG_WARN_SUSPICIOUS_MOVE = YES;
				CLANG_WARN_UNGUARDED_AVAILABILITY = YES_AGGRESSIVE;
				CLANG_WARN_UNREACHABLE_CODE = YES;
				CLANG_WARN__DUPLICATE_METHOD_MATCH = YES;
				CODE_SIGN_IDENTITY = "iPhone Developer";
				COPY_PHASE_STRIP = NO;
				DEBUG_INFORMATION_FORMAT = "dwarf-with-dsym";
				ENABLE_NS_ASSERTIONS = NO;
				ENABLE_STRICT_OBJC_MSGSEND = YES;
				GCC_C_LANGUAGE_STANDARD = gnu11;
				GCC_NO_COMMON_BLOCKS = YES;
				GCC_WARN_64_TO_32_BIT_CONVERSION = YES;
				GCC_WARN_ABOUT_RETURN_TYPE = YES_ERROR;
				GCC_WARN_UNDECLARED_SELECTOR = YES;
				GCC_WARN_UNINITIALIZED_AUTOS = YES_AGGRESSIVE;
				GCC_WARN_UNUSED_FUNCTION = YES;
				GCC_WARN_UNUSED_VARIABLE = YES;
				IPHONEOS_DEPLOYMENT_TARGET = 9.0;
				MTL_ENABLE_DEBUG_INFO = NO;
				SDKROOT = iphoneos;
				SWIFT_OPTIMIZATION_LEVEL = "-Owholemodule";
				VALIDATE_PRODUCT = YES;
			};
			name = Release;
		};
		0C7651391F86105A0024E56B /* Debug */ = {
			isa = XCBuildConfiguration;
			buildSettings = {
				ASSETCATALOG_COMPILER_APPICON_NAME = AppIcon;
				CODE_SIGN_STYLE = Automatic;
				DEVELOPMENT_TEAM = CL7XT9EFMM;
				INFOPLIST_FILE = SwiftyUIDemo/Info.plist;
				IPHONEOS_DEPLOYMENT_TARGET = 9.0;
				LD_RUNPATH_SEARCH_PATHS = "$(inherited) @executable_path/Frameworks";
				PRODUCT_BUNDLE_IDENTIFIER = Haoking.SwiftyUIDemo;
				PRODUCT_NAME = "$(TARGET_NAME)";
				SWIFT_VERSION = 4.0;
				TARGETED_DEVICE_FAMILY = "1,2";
			};
			name = Debug;
		};
		0C76513A1F86105A0024E56B /* Release */ = {
			isa = XCBuildConfiguration;
			buildSettings = {
				ASSETCATALOG_COMPILER_APPICON_NAME = AppIcon;
				CODE_SIGN_STYLE = Automatic;
				DEVELOPMENT_TEAM = CL7XT9EFMM;
				INFOPLIST_FILE = SwiftyUIDemo/Info.plist;
				IPHONEOS_DEPLOYMENT_TARGET = 9.0;
				LD_RUNPATH_SEARCH_PATHS = "$(inherited) @executable_path/Frameworks";
				PRODUCT_BUNDLE_IDENTIFIER = Haoking.SwiftyUIDemo;
				PRODUCT_NAME = "$(TARGET_NAME)";
				SWIFT_VERSION = 4.0;
				TARGETED_DEVICE_FAMILY = "1,2";
			};
			name = Release;
		};
		0C76513C1F86105A0024E56B /* Debug */ = {
			isa = XCBuildConfiguration;
			buildSettings = {
				ALWAYS_EMBED_SWIFT_STANDARD_LIBRARIES = YES;
				BUNDLE_LOADER = "$(TEST_HOST)";
				CODE_SIGN_STYLE = Automatic;
				DEVELOPMENT_TEAM = CL7XT9EFMM;
				INFOPLIST_FILE = SwiftyUIDemoTests/Info.plist;
				LD_RUNPATH_SEARCH_PATHS = "$(inherited) @executable_path/Frameworks @loader_path/Frameworks";
				PRODUCT_BUNDLE_IDENTIFIER = Haoking.SwiftyUIDemoTests;
				PRODUCT_NAME = "$(TARGET_NAME)";
				SWIFT_VERSION = 4.0;
				TARGETED_DEVICE_FAMILY = "1,2";
				TEST_HOST = "$(BUILT_PRODUCTS_DIR)/SwiftyUIDemo.app/SwiftyUIDemo";
			};
			name = Debug;
		};
		0C76513D1F86105A0024E56B /* Release */ = {
			isa = XCBuildConfiguration;
			buildSettings = {
				ALWAYS_EMBED_SWIFT_STANDARD_LIBRARIES = YES;
				BUNDLE_LOADER = "$(TEST_HOST)";
				CODE_SIGN_STYLE = Automatic;
				DEVELOPMENT_TEAM = CL7XT9EFMM;
				INFOPLIST_FILE = SwiftyUIDemoTests/Info.plist;
				LD_RUNPATH_SEARCH_PATHS = "$(inherited) @executable_path/Frameworks @loader_path/Frameworks";
				PRODUCT_BUNDLE_IDENTIFIER = Haoking.SwiftyUIDemoTests;
				PRODUCT_NAME = "$(TARGET_NAME)";
				SWIFT_VERSION = 4.0;
				TARGETED_DEVICE_FAMILY = "1,2";
				TEST_HOST = "$(BUILT_PRODUCTS_DIR)/SwiftyUIDemo.app/SwiftyUIDemo";
			};
			name = Release;
		};
		0C76513F1F86105A0024E56B /* Debug */ = {
			isa = XCBuildConfiguration;
			buildSettings = {
				ALWAYS_EMBED_SWIFT_STANDARD_LIBRARIES = YES;
				CODE_SIGN_STYLE = Automatic;
				DEVELOPMENT_TEAM = CL7XT9EFMM;
				INFOPLIST_FILE = SwiftyUIDemoUITests/Info.plist;
				LD_RUNPATH_SEARCH_PATHS = "$(inherited) @executable_path/Frameworks @loader_path/Frameworks";
				PRODUCT_BUNDLE_IDENTIFIER = Haoking.SwiftyUIDemoUITests;
				PRODUCT_NAME = "$(TARGET_NAME)";
				SWIFT_VERSION = 4.0;
				TARGETED_DEVICE_FAMILY = "1,2";
				TEST_TARGET_NAME = SwiftyUIDemo;
			};
			name = Debug;
		};
		0C7651401F86105A0024E56B /* Release */ = {
			isa = XCBuildConfiguration;
			buildSettings = {
				ALWAYS_EMBED_SWIFT_STANDARD_LIBRARIES = YES;
				CODE_SIGN_STYLE = Automatic;
				DEVELOPMENT_TEAM = CL7XT9EFMM;
				INFOPLIST_FILE = SwiftyUIDemoUITests/Info.plist;
				LD_RUNPATH_SEARCH_PATHS = "$(inherited) @executable_path/Frameworks @loader_path/Frameworks";
				PRODUCT_BUNDLE_IDENTIFIER = Haoking.SwiftyUIDemoUITests;
				PRODUCT_NAME = "$(TARGET_NAME)";
				SWIFT_VERSION = 4.0;
				TARGETED_DEVICE_FAMILY = "1,2";
				TEST_TARGET_NAME = SwiftyUIDemo;
			};
			name = Release;
		};
/* End XCBuildConfiguration section */

/* Begin XCConfigurationList section */
		0C76510B1F8610590024E56B /* Build configuration list for PBXProject "SwiftyUIDemo" */ = {
			isa = XCConfigurationList;
			buildConfigurations = (
				0C7651361F86105A0024E56B /* Debug */,
				0C7651371F86105A0024E56B /* Release */,
			);
			defaultConfigurationIsVisible = 0;
			defaultConfigurationName = Release;
		};
		0C7651381F86105A0024E56B /* Build configuration list for PBXNativeTarget "SwiftyUIDemo" */ = {
			isa = XCConfigurationList;
			buildConfigurations = (
				0C7651391F86105A0024E56B /* Debug */,
				0C76513A1F86105A0024E56B /* Release */,
			);
			defaultConfigurationIsVisible = 0;
			defaultConfigurationName = Release;
		};
		0C76513B1F86105A0024E56B /* Build configuration list for PBXNativeTarget "SwiftyUIDemoTests" */ = {
			isa = XCConfigurationList;
			buildConfigurations = (
				0C76513C1F86105A0024E56B /* Debug */,
				0C76513D1F86105A0024E56B /* Release */,
			);
			defaultConfigurationIsVisible = 0;
			defaultConfigurationName = Release;
		};
		0C76513E1F86105A0024E56B /* Build configuration list for PBXNativeTarget "SwiftyUIDemoUITests" */ = {
			isa = XCConfigurationList;
			buildConfigurations = (
				0C76513F1F86105A0024E56B /* Debug */,
				0C7651401F86105A0024E56B /* Release */,
			);
			defaultConfigurationIsVisible = 0;
			defaultConfigurationName = Release;
		};
/* End XCConfigurationList section */
	};
	rootObject = 0C7651081F8610590024E56B /* Project object */;
}
